// !$*UTF8*$!
{
	archiveVersion = 1;
	classes = {
	};
	objectVersion = 56;
	objects = {

/* Begin PBXBuildFile section */
		07E342A928EA7F78006C4C68 /* AppDelegate.swift in Sources */ = {isa = PBXBuildFile; fileRef = 07E342A828EA7F78006C4C68 /* AppDelegate.swift */; };
		07E342AB28EA7F78006C4C68 /* SceneDelegate.swift in Sources */ = {isa = PBXBuildFile; fileRef = 07E342AA28EA7F78006C4C68 /* SceneDelegate.swift */; };
		07E342AD28EA7F78006C4C68 /* ViewController.swift in Sources */ = {isa = PBXBuildFile; fileRef = 07E342AC28EA7F78006C4C68 /* ViewController.swift */; };
		07E342B028EA7F78006C4C68 /* Main.storyboard in Resources */ = {isa = PBXBuildFile; fileRef = 07E342AE28EA7F78006C4C68 /* Main.storyboard */; };
		07E342B228EA7F79006C4C68 /* Assets.xcassets in Resources */ = {isa = PBXBuildFile; fileRef = 07E342B128EA7F79006C4C68 /* Assets.xcassets */; };
		07E342B528EA7F79006C4C68 /* LaunchScreen.storyboard in Resources */ = {isa = PBXBuildFile; fileRef = 07E342B328EA7F79006C4C68 /* LaunchScreen.storyboard */; };
		07E342C028EA7F7A006C4C68 /* UserLocationTests.swift in Sources */ = {isa = PBXBuildFile; fileRef = 07E342BF28EA7F7A006C4C68 /* UserLocationTests.swift */; };
		07E342CA28EA7F7A006C4C68 /* UserLocationUITests.swift in Sources */ = {isa = PBXBuildFile; fileRef = 07E342C928EA7F7A006C4C68 /* UserLocationUITests.swift */; };
		07E342CC28EA7F7A006C4C68 /* UserLocationUITestsLaunchTests.swift in Sources */ = {isa = PBXBuildFile; fileRef = 07E342CB28EA7F7A006C4C68 /* UserLocationUITestsLaunchTests.swift */; };
/* End PBXBuildFile section */

/* Begin PBXContainerItemProxy section */
		07E342BC28EA7F7A006C4C68 /* PBXContainerItemProxy */ = {
			isa = PBXContainerItemProxy;
			containerPortal = 07E3429D28EA7F78006C4C68 /* Project object */;
			proxyType = 1;
			remoteGlobalIDString = 07E342A428EA7F78006C4C68;
			remoteInfo = UserLocation;
		};
		07E342C628EA7F7A006C4C68 /* PBXContainerItemProxy */ = {
			isa = PBXContainerItemProxy;
			containerPortal = 07E3429D28EA7F78006C4C68 /* Project object */;
			proxyType = 1;
			remoteGlobalIDString = 07E342A428EA7F78006C4C68;
			remoteInfo = UserLocation;
		};
/* End PBXContainerItemProxy section */

/* Begin PBXFileReference section */
		07E342A528EA7F78006C4C68 /* UserLocation.app */ = {isa = PBXFileReference; explicitFileType = wrapper.application; includeInIndex = 0; path = UserLocation.app; sourceTree = BUILT_PRODUCTS_DIR; };
		07E342A828EA7F78006C4C68 /* AppDelegate.swift */ = {isa = PBXFileReference; lastKnownFileType = sourcecode.swift; path = AppDelegate.swift; sourceTree = "<group>"; };
		07E342AA28EA7F78006C4C68 /* SceneDelegate.swift */ = {isa = PBXFileReference; lastKnownFileType = sourcecode.swift; path = SceneDelegate.swift; sourceTree = "<group>"; };
		07E342AC28EA7F78006C4C68 /* ViewController.swift */ = {isa = PBXFileReference; lastKnownFileType = sourcecode.swift; path = ViewController.swift; sourceTree = "<group>"; };
		07E342AF28EA7F78006C4C68 /* Base */ = {isa = PBXFileReference; lastKnownFileType = file.storyboard; name = Base; path = Base.lproj/Main.storyboard; sourceTree = "<group>"; };
		07E342B128EA7F79006C4C68 /* Assets.xcassets */ = {isa = PBXFileReference; lastKnownFileType = folder.assetcatalog; path = Assets.xcassets; sourceTree = "<group>"; };
		07E342B428EA7F79006C4C68 /* Base */ = {isa = PBXFileReference; lastKnownFileType = file.storyboard; name = Base; path = Base.lproj/LaunchScreen.storyboard; sourceTree = "<group>"; };
		07E342B628EA7F79006C4C68 /* Info.plist */ = {isa = PBXFileReference; lastKnownFileType = text.plist.xml; path = Info.plist; sourceTree = "<group>"; };
		07E342BB28EA7F7A006C4C68 /* UserLocationTests.xctest */ = {isa = PBXFileReference; explicitFileType = wrapper.cfbundle; includeInIndex = 0; path = UserLocationTests.xctest; sourceTree = BUILT_PRODUCTS_DIR; };
		07E342BF28EA7F7A006C4C68 /* UserLocationTests.swift */ = {isa = PBXFileReference; lastKnownFileType = sourcecode.swift; path = UserLocationTests.swift; sourceTree = "<group>"; };
		07E342C528EA7F7A006C4C68 /* UserLocationUITests.xctest */ = {isa = PBXFileReference; explicitFileType = wrapper.cfbundle; includeInIndex = 0; path = UserLocationUITests.xctest; sourceTree = BUILT_PRODUCTS_DIR; };
		07E342C928EA7F7A006C4C68 /* UserLocationUITests.swift */ = {isa = PBXFileReference; lastKnownFileType = sourcecode.swift; path = UserLocationUITests.swift; sourceTree = "<group>"; };
		07E342CB28EA7F7A006C4C68 /* UserLocationUITestsLaunchTests.swift */ = {isa = PBXFileReference; lastKnownFileType = sourcecode.swift; path = UserLocationUITestsLaunchTests.swift; sourceTree = "<group>"; };
/* End PBXFileReference section */

/* Begin PBXFrameworksBuildPhase section */
		07E342A228EA7F78006C4C68 /* Frameworks */ = {
			isa = PBXFrameworksBuildPhase;
			buildActionMask = 2147483647;
			files = (
			);
			runOnlyForDeploymentPostprocessing = 0;
		};
		07E342B828EA7F7A006C4C68 /* Frameworks */ = {
			isa = PBXFrameworksBuildPhase;
			buildActionMask = 2147483647;
			files = (
			);
			runOnlyForDeploymentPostprocessing = 0;
		};
		07E342C228EA7F7A006C4C68 /* Frameworks */ = {
			isa = PBXFrameworksBuildPhase;
			buildActionMask = 2147483647;
			files = (
			);
			runOnlyForDeploymentPostprocessing = 0;
		};
/* End PBXFrameworksBuildPhase section */

/* Begin PBXGroup section */
		07E3429C28EA7F78006C4C68 = {
			isa = PBXGroup;
			children = (
				07E342A728EA7F78006C4C68 /* UserLocation */,
				07E342BE28EA7F7A006C4C68 /* UserLocationTests */,
				07E342C828EA7F7A006C4C68 /* UserLocationUITests */,
				07E342A628EA7F78006C4C68 /* Products */,
			);
			sourceTree = "<group>";
		};
		07E342A628EA7F78006C4C68 /* Products */ = {
			isa = PBXGroup;
			children = (
				07E342A528EA7F78006C4C68 /* UserLocation.app */,
				07E342BB28EA7F7A006C4C68 /* UserLocationTests.xctest */,
				07E342C528EA7F7A006C4C68 /* UserLocationUITests.xctest */,
			);
			name = Products;
			sourceTree = "<group>";
		};
		07E342A728EA7F78006C4C68 /* UserLocation */ = {
			isa = PBXGroup;
			children = (
				07E342A828EA7F78006C4C68 /* AppDelegate.swift */,
				07E342AA28EA7F78006C4C68 /* SceneDelegate.swift */,
				07E342AC28EA7F78006C4C68 /* ViewController.swift */,
				07E342AE28EA7F78006C4C68 /* Main.storyboard */,
				07E342B128EA7F79006C4C68 /* Assets.xcassets */,
				07E342B328EA7F79006C4C68 /* LaunchScreen.storyboard */,
				07E342B628EA7F79006C4C68 /* Info.plist */,
			);
			path = UserLocation;
			sourceTree = "<group>";
		};
		07E342BE28EA7F7A006C4C68 /* UserLocationTests */ = {
			isa = PBXGroup;
			children = (
				07E342BF28EA7F7A006C4C68 /* UserLocationTests.swift */,
			);
			path = UserLocationTests;
			sourceTree = "<group>";
		};
		07E342C828EA7F7A006C4C68 /* UserLocationUITests */ = {
			isa = PBXGroup;
			children = (
				07E342C928EA7F7A006C4C68 /* UserLocationUITests.swift */,
				07E342CB28EA7F7A006C4C68 /* UserLocationUITestsLaunchTests.swift */,
			);
			path = UserLocationUITests;
			sourceTree = "<group>";
		};
/* End PBXGroup section */

/* Begin PBXNativeTarget section */
		07E342A428EA7F78006C4C68 /* UserLocation */ = {
			isa = PBXNativeTarget;
			buildConfigurationList = 07E342CF28EA7F7A006C4C68 /* Build configuration list for PBXNativeTarget "UserLocation" */;
			buildPhases = (
				07E342A128EA7F78006C4C68 /* Sources */,
				07E342A228EA7F78006C4C68 /* Frameworks */,
				07E342A328EA7F78006C4C68 /* Resources */,
			);
			buildRules = (
			);
			dependencies = (
			);
			name = UserLocation;
			productName = UserLocation;
			productReference = 07E342A528EA7F78006C4C68 /* UserLocation.app */;
			productType = "com.apple.product-type.application";
		};
		07E342BA28EA7F7A006C4C68 /* UserLocationTests */ = {
			isa = PBXNativeTarget;
			buildConfigurationList = 07E342D228EA7F7A006C4C68 /* Build configuration list for PBXNativeTarget "UserLocationTests" */;
			buildPhases = (
				07E342B728EA7F7A006C4C68 /* Sources */,
				07E342B828EA7F7A006C4C68 /* Frameworks */,
				07E342B928EA7F7A006C4C68 /* Resources */,
			);
			buildRules = (
			);
			dependencies = (
				07E342BD28EA7F7A006C4C68 /* PBXTargetDependency */,
			);
			name = UserLocationTests;
			productName = UserLocationTests;
			productReference = 07E342BB28EA7F7A006C4C68 /* UserLocationTests.xctest */;
			productType = "com.apple.product-type.bundle.unit-test";
		};
		07E342C428EA7F7A006C4C68 /* UserLocationUITests */ = {
			isa = PBXNativeTarget;
			buildConfigurationList = 07E342D528EA7F7A006C4C68 /* Build configuration list for PBXNativeTarget "UserLocationUITests" */;
			buildPhases = (
				07E342C128EA7F7A006C4C68 /* Sources */,
				07E342C228EA7F7A006C4C68 /* Frameworks */,
				07E342C328EA7F7A006C4C68 /* Resources */,
			);
			buildRules = (
			);
			dependencies = (
				07E342C728EA7F7A006C4C68 /* PBXTargetDependency */,
			);
			name = UserLocationUITests;
			productName = UserLocationUITests;
			productReference = 07E342C528EA7F7A006C4C68 /* UserLocationUITests.xctest */;
			productType = "com.apple.product-type.bundle.ui-testing";
		};
/* End PBXNativeTarget section */

/* Begin PBXProject section */
		07E3429D28EA7F78006C4C68 /* Project object */ = {
			isa = PBXProject;
			attributes = {
				BuildIndependentTargetsInParallel = 1;
				LastSwiftUpdateCheck = 1400;
				LastUpgradeCheck = 1400;
				TargetAttributes = {
					07E342A428EA7F78006C4C68 = {
						CreatedOnToolsVersion = 14.0.1;
					};
					07E342BA28EA7F7A006C4C68 = {
						CreatedOnToolsVersion = 14.0.1;
						TestTargetID = 07E342A428EA7F78006C4C68;
					};
					07E342C428EA7F7A006C4C68 = {
						CreatedOnToolsVersion = 14.0.1;
						TestTargetID = 07E342A428EA7F78006C4C68;
					};
				};
			};
			buildConfigurationList = 07E342A028EA7F78006C4C68 /* Build configuration list for PBXProject "UserLocation" */;
			compatibilityVersion = "Xcode 14.0";
			developmentRegion = en;
			hasScannedForEncodings = 0;
			knownRegions = (
				en,
				Base,
			);
			mainGroup = 07E3429C28EA7F78006C4C68;
			productRefGroup = 07E342A628EA7F78006C4C68 /* Products */;
			projectDirPath = "";
			projectRoot = "";
			targets = (
				07E342A428EA7F78006C4C68 /* UserLocation */,
				07E342BA28EA7F7A006C4C68 /* UserLocationTests */,
				07E342C428EA7F7A006C4C68 /* UserLocationUITests */,
			);
		};
/* End PBXProject section */

/* Begin PBXResourcesBuildPhase section */
		07E342A328EA7F78006C4C68 /* Resources */ = {
			isa = PBXResourcesBuildPhase;
			buildActionMask = 2147483647;
			files = (
				07E342B528EA7F79006C4C68 /* LaunchScreen.storyboard in Resources */,
				07E342B228EA7F79006C4C68 /* Assets.xcassets in Resources */,
				07E342B028EA7F78006C4C68 /* Main.storyboard in Resources */,
			);
			runOnlyForDeploymentPostprocessing = 0;
		};
		07E342B928EA7F7A006C4C68 /* Resources */ = {
			isa = PBXResourcesBuildPhase;
			buildActionMask = 2147483647;
			files = (
			);
			runOnlyForDeploymentPostprocessing = 0;
		};
		07E342C328EA7F7A006C4C68 /* Resources */ = {
			isa = PBXResourcesBuildPhase;
			buildActionMask = 2147483647;
			files = (
			);
			runOnlyForDeploymentPostprocessing = 0;
		};
/* End PBXResourcesBuildPhase section */

/* Begin PBXSourcesBuildPhase section */
		07E342A128EA7F78006C4C68 /* Sources */ = {
			isa = PBXSourcesBuildPhase;
			buildActionMask = 2147483647;
			files = (
				07E342AD28EA7F78006C4C68 /* ViewController.swift in Sources */,
				07E342A928EA7F78006C4C68 /* AppDelegate.swift in Sources */,
				07E342AB28EA7F78006C4C68 /* SceneDelegate.swift in Sources */,
			);
			runOnlyForDeploymentPostprocessing = 0;
		};
		07E342B728EA7F7A006C4C68 /* Sources */ = {
			isa = PBXSourcesBuildPhase;
			buildActionMask = 2147483647;
			files = (
				07E342C028EA7F7A006C4C68 /* UserLocationTests.swift in Sources */,
			);
			runOnlyForDeploymentPostprocessing = 0;
		};
		07E342C128EA7F7A006C4C68 /* Sources */ = {
			isa = PBXSourcesBuildPhase;
			buildActionMask = 2147483647;
			files = (
				07E342CC28EA7F7A006C4C68 /* UserLocationUITestsLaunchTests.swift in Sources */,
				07E342CA28EA7F7A006C4C68 /* UserLocationUITests.swift in Sources */,
			);
			runOnlyForDeploymentPostprocessing = 0;
		};
/* End PBXSourcesBuildPhase section */

/* Begin PBXTargetDependency section */
		07E342BD28EA7F7A006C4C68 /* PBXTargetDependency */ = {
			isa = PBXTargetDependency;
			target = 07E342A428EA7F78006C4C68 /* UserLocation */;
			targetProxy = 07E342BC28EA7F7A006C4C68 /* PBXContainerItemProxy */;
		};
		07E342C728EA7F7A006C4C68 /* PBXTargetDependency */ = {
			isa = PBXTargetDependency;
			target = 07E342A428EA7F78006C4C68 /* UserLocation */;
			targetProxy = 07E342C628EA7F7A006C4C68 /* PBXContainerItemProxy */;
		};
/* End PBXTargetDependency section */

/* Begin PBXVariantGroup section */
		07E342AE28EA7F78006C4C68 /* Main.storyboard */ = {
			isa = PBXVariantGroup;
			children = (
				07E342AF28EA7F78006C4C68 /* Base */,
			);
			name = Main.storyboard;
			sourceTree = "<group>";
		};
		07E342B328EA7F79006C4C68 /* LaunchScreen.storyboard */ = {
			isa = PBXVariantGroup;
			children = (
				07E342B428EA7F79006C4C68 /* Base */,
			);
			name = LaunchScreen.storyboard;
			sourceTree = "<group>";
		};
/* End PBXVariantGroup section */

/* Begin XCBuildConfiguration section */
		07E342CD28EA7F7A006C4C68 /* Debug */ = {
			isa = XCBuildConfiguration;
			buildSettings = {
				ALWAYS_SEARCH_USER_PATHS = NO;
				CLANG_ANALYZER_NONNULL = YES;
				CLANG_ANALYZER_NUMBER_OBJECT_CONVERSION = YES_AGGRESSIVE;
				CLANG_CXX_LANGUAGE_STANDARD = "gnu++20";
				CLANG_ENABLE_MODULES = YES;
				CLANG_ENABLE_OBJC_ARC = YES;
				CLANG_ENABLE_OBJC_WEAK = YES;
				CLANG_WARN_BLOCK_CAPTURE_AUTORELEASING = YES;
				CLANG_WARN_BOOL_CONVERSION = YES;
				CLANG_WARN_COMMA = YES;
				CLANG_WARN_CONSTANT_CONVERSION = YES;
				CLANG_WARN_DEPRECATED_OBJC_IMPLEMENTATIONS = YES;
				CLANG_WARN_DIRECT_OBJC_ISA_USAGE = YES_ERROR;
				CLANG_WARN_DOCUMENTATION_COMMENTS = YES;
				CLANG_WARN_EMPTY_BODY = YES;
				CLANG_WARN_ENUM_CONVERSION = YES;
				CLANG_WARN_INFINITE_RECURSION = YES;
				CLANG_WARN_INT_CONVERSION = YES;
				CLANG_WARN_NON_LITERAL_NULL_CONVERSION = YES;
				CLANG_WARN_OBJC_IMPLICIT_RETAIN_SELF = YES;
				CLANG_WARN_OBJC_LITERAL_CONVERSION = YES;
				CLANG_WARN_OBJC_ROOT_CLASS = YES_ERROR;
				CLANG_WARN_QUOTED_INCLUDE_IN_FRAMEWORK_HEADER = YES;
				CLANG_WARN_RANGE_LOOP_ANALYSIS = YES;
				CLANG_WARN_STRICT_PROTOTYPES = YES;
				CLANG_WARN_SUSPICIOUS_MOVE = YES;
				CLANG_WARN_UNGUARDED_AVAILABILITY = YES_AGGRESSIVE;
				CLANG_WARN_UNREACHABLE_CODE = YES;
				CLANG_WARN__DUPLICATE_METHOD_MATCH = YES;
				COPY_PHASE_STRIP = NO;
				DEBUG_INFORMATION_FORMAT = dwarf;
				ENABLE_STRICT_OBJC_MSGSEND = YES;
				ENABLE_TESTABILITY = YES;
				GCC_C_LANGUAGE_STANDARD = gnu11;
				GCC_DYNAMIC_NO_PIC = NO;
				GCC_NO_COMMON_BLOCKS = YES;
				GCC_OPTIMIZATION_LEVEL = 0;
				GCC_PREPROCESSOR_DEFINITIONS = (
					"DEBUG=1",
					"$(inherited)",
				);
				GCC_WARN_64_TO_32_BIT_CONVERSION = YES;
				GCC_WARN_ABOUT_RETURN_TYPE = YES_ERROR;
				GCC_WARN_UNDECLARED_SELECTOR = YES;
				GCC_WARN_UNINITIALIZED_AUTOS = YES_AGGRESSIVE;
				GCC_WARN_UNUSED_FUNCTION = YES;
				GCC_WARN_UNUSED_VARIABLE = YES;
				IPHONEOS_DEPLOYMENT_TARGET = 16.0;
				MTL_ENABLE_DEBUG_INFO = INCLUDE_SOURCE;
				MTL_FAST_MATH = YES;
				ONLY_ACTIVE_ARCH = YES;
				SDKROOT = iphoneos;
				SWIFT_ACTIVE_COMPILATION_CONDITIONS = DEBUG;
				SWIFT_OPTIMIZATION_LEVEL = "-Onone";
			};
			name = Debug;
		};
		07E342CE28EA7F7A006C4C68 /* Release */ = {
			isa = XCBuildConfiguration;
			buildSettings = {
				ALWAYS_SEARCH_USER_PATHS = NO;
				CLANG_ANALYZER_NONNULL = YES;
				CLANG_ANALYZER_NUMBER_OBJECT_CONVERSION = YES_AGGRESSIVE;
				CLANG_CXX_LANGUAGE_STANDARD = "gnu++20";
				CLANG_ENABLE_MODULES = YES;
				CLANG_ENABLE_OBJC_ARC = YES;
				CLANG_ENABLE_OBJC_WEAK = YES;
				CLANG_WARN_BLOCK_CAPTURE_AUTORELEASING = YES;
				CLANG_WARN_BOOL_CONVERSION = YES;
				CLANG_WARN_COMMA = YES;
				CLANG_WARN_CONSTANT_CONVERSION = YES;
				CLANG_WARN_DEPRECATED_OBJC_IMPLEMENTATIONS = YES;
				CLANG_WARN_DIRECT_OBJC_ISA_USAGE = YES_ERROR;
				CLANG_WARN_DOCUMENTATION_COMMENTS = YES;
				CLANG_WARN_EMPTY_BODY = YES;
				CLANG_WARN_ENUM_CONVERSION = YES;
				CLANG_WARN_INFINITE_RECURSION = YES;
				CLANG_WARN_INT_CONVERSION = YES;
				CLANG_WARN_NON_LITERAL_NULL_CONVERSION = YES;
				CLANG_WARN_OBJC_IMPLICIT_RETAIN_SELF = YES;
				CLANG_WARN_OBJC_LITERAL_CONVERSION = YES;
				CLANG_WARN_OBJC_ROOT_CLASS = YES_ERROR;
				CLANG_WARN_QUOTED_INCLUDE_IN_FRAMEWORK_HEADER = YES;
				CLANG_WARN_RANGE_LOOP_ANALYSIS = YES;
				CLANG_WARN_STRICT_PROTOTYPES = YES;
				CLANG_WARN_SUSPICIOUS_MOVE = YES;
				CLANG_WARN_UNGUARDED_AVAILABILITY = YES_AGGRESSIVE;
				CLANG_WARN_UNREACHABLE_CODE = YES;
				CLANG_WARN__DUPLICATE_METHOD_MATCH = YES;
				COPY_PHASE_STRIP = NO;
				DEBUG_INFORMATION_FORMAT = "dwarf-with-dsym";
				ENABLE_NS_ASSERTIONS = NO;
				ENABLE_STRICT_OBJC_MSGSEND = YES;
				GCC_C_LANGUAGE_STANDARD = gnu11;
				GCC_NO_COMMON_BLOCKS = YES;
				GCC_WARN_64_TO_32_BIT_CONVERSION = YES;
				GCC_WARN_ABOUT_RETURN_TYPE = YES_ERROR;
				GCC_WARN_UNDECLARED_SELECTOR = YES;
				GCC_WARN_UNINITIALIZED_AUTOS = YES_AGGRESSIVE;
				GCC_WARN_UNUSED_FUNCTION = YES;
				GCC_WARN_UNUSED_VARIABLE = YES;
				IPHONEOS_DEPLOYMENT_TARGET = 16.0;
				MTL_ENABLE_DEBUG_INFO = NO;
				MTL_FAST_MATH = YES;
				SDKROOT = iphoneos;
				SWIFT_COMPILATION_MODE = wholemodule;
				SWIFT_OPTIMIZATION_LEVEL = "-O";
				VALIDATE_PRODUCT = YES;
			};
			name = Release;
		};
		07E342D028EA7F7A006C4C68 /* Debug */ = {
			isa = XCBuildConfiguration;
			buildSettings = {
				ASSETCATALOG_COMPILER_APPICON_NAME = AppIcon;
				ASSETCATALOG_COMPILER_GLOBAL_ACCENT_COLOR_NAME = AccentColor;
				CODE_SIGN_STYLE = Automatic;
				CURRENT_PROJECT_VERSION = 1;
				DEVELOPMENT_TEAM = W52H926X8C;
				GENERATE_INFOPLIST_FILE = YES;
				INFOPLIST_FILE = UserLocation/Info.plist;
				INFOPLIST_KEY_NSLocationAlwaysAndWhenInUseUsageDescription = "Apps needs to use your location to serve you better";
				INFOPLIST_KEY_NSLocationWhenInUseUsageDescription = "Apps needs to use your location to serve you better";
				INFOPLIST_KEY_UIApplicationSupportsIndirectInputEvents = YES;
				INFOPLIST_KEY_UILaunchStoryboardName = LaunchScreen;
				INFOPLIST_KEY_UIMainStoryboardFile = Main;
				INFOPLIST_KEY_UISupportedInterfaceOrientations_iPad = "UIInterfaceOrientationPortrait UIInterfaceOrientationPortraitUpsideDown UIInterfaceOrientationLandscapeLeft UIInterfaceOrientationLandscapeRight";
				INFOPLIST_KEY_UISupportedInterfaceOrientations_iPhone = "UIInterfaceOrientationPortrait UIInterfaceOrientationLandscapeLeft UIInterfaceOrientationLandscapeRight";
				LD_RUNPATH_SEARCH_PATHS = (
					"$(inherited)",
					"@executable_path/Frameworks",
				);
				MARKETING_VERSION = 1.0;
				PRODUCT_BUNDLE_IDENTIFIER = "Quang-Ha.UserLocation";
				PRODUCT_NAME = "$(TARGET_NAME)";
				SWIFT_EMIT_LOC_STRINGS = YES;
				SWIFT_VERSION = 5.0;
				TARGETED_DEVICE_FAMILY = "1,2";
			};
			name = Debug;
		};
		07E342D128EA7F7A006C4C68 /* Release */ = {
			isa = XCBuildConfiguration;
			buildSettings = {
				ASSETCATALOG_COMPILER_APPICON_NAME = AppIcon;
				ASSETCATALOG_COMPILER_GLOBAL_ACCENT_COLOR_NAME = AccentColor;
				CODE_SIGN_STYLE = Automatic;
				CURRENT_PROJECT_VERSION = 1;
				DEVELOPMENT_TEAM = W52H926X8C;
				GENERATE_INFOPLIST_FILE = YES;
				INFOPLIST_FILE = UserLocation/Info.plist;
				INFOPLIST_KEY_NSLocationAlwaysAndWhenInUseUsageDescription = "Apps needs to use your location to serve you better";
				INFOPLIST_KEY_NSLocationWhenInUseUsageDescription = "Apps needs to use your location to serve you better";
				INFOPLIST_KEY_UIApplicationSupportsIndirectInputEvents = YES;
				INFOPLIST_KEY_UILaunchStoryboardName = LaunchScreen;
				INFOPLIST_KEY_UIMainStoryboardFile = Main;
				INFOPLIST_KEY_UISupportedInterfaceOrientations_iPad = "UIInterfaceOrientationPortrait UIInterfaceOrientationPortraitUpsideDown UIInterfaceOrientationLandscapeLeft UIInterfaceOrientationLandscapeRight";
				INFOPLIST_KEY_UISupportedInterfaceOrientations_iPhone = "UIInterfaceOrientationPortrait UIInterfaceOrientationLandscapeLeft UIInterfaceOrientationLandscapeRight";
				LD_RUNPATH_SEARCH_PATHS = (
					"$(inherited)",
					"@executable_path/Frameworks",
				);
				MARKETING_VERSION = 1.0;
				PRODUCT_BUNDLE_IDENTIFIER = "Quang-Ha.UserLocation";
				PRODUCT_NAME = "$(TARGET_NAME)";
				SWIFT_EMIT_LOC_STRINGS = YES;
				SWIFT_VERSION = 5.0;
				TARGETED_DEVICE_FAMILY = "1,2";
			};
			name = Release;
		};
		07E342D328EA7F7A006C4C68 /* Debug */ = {
			isa = XCBuildConfiguration;
			buildSettings = {
				ALWAYS_EMBED_SWIFT_STANDARD_LIBRARIES = YES;
				BUNDLE_LOADER = "$(TEST_HOST)";
				CODE_SIGN_STYLE = Automatic;
				CURRENT_PROJECT_VERSION = 1;
				DEVELOPMENT_TEAM = W52H926X8C;
				GENERATE_INFOPLIST_FILE = YES;
				IPHONEOS_DEPLOYMENT_TARGET = 16.0;
				MARKETING_VERSION = 1.0;
				PRODUCT_BUNDLE_IDENTIFIER = "Quang-Ha.UserLocationTests";
				PRODUCT_NAME = "$(TARGET_NAME)";
				SWIFT_EMIT_LOC_STRINGS = NO;
				SWIFT_VERSION = 5.0;
				TARGETED_DEVICE_FAMILY = "1,2";
				TEST_HOST = "$(BUILT_PRODUCTS_DIR)/UserLocation.app/$(BUNDLE_EXECUTABLE_FOLDER_PATH)/UserLocation";
			};
			name = Debug;
		};
		07E342D428EA7F7A006C4C68 /* Release */ = {
			isa = XCBuildConfiguration;
			buildSettings = {
				ALWAYS_EMBED_SWIFT_STANDARD_LIBRARIES = YES;
				BUNDLE_LOADER = "$(TEST_HOST)";
				CODE_SIGN_STYLE = Automatic;
				CURRENT_PROJECT_VERSION = 1;
				DEVELOPMENT_TEAM = W52H926X8C;
				GENERATE_INFOPLIST_FILE = YES;
				IPHONEOS_DEPLOYMENT_TARGET = 16.0;
				MARKETING_VERSION = 1.0;
				PRODUCT_BUNDLE_IDENTIFIER = "Quang-Ha.UserLocationTests";
				PRODUCT_NAME = "$(TARGET_NAME)";
				SWIFT_EMIT_LOC_STRINGS = NO;
				SWIFT_VERSION = 5.0;
				TARGETED_DEVICE_FAMILY = "1,2";
				TEST_HOST = "$(BUILT_PRODUCTS_DIR)/UserLocation.app/$(BUNDLE_EXECUTABLE_FOLDER_PATH)/UserLocation";
			};
			name = Release;
		};
		07E342D628EA7F7A006C4C68 /* Debug */ = {
			isa = XCBuildConfiguration;
			buildSettings = {
				ALWAYS_EMBED_SWIFT_STANDARD_LIBRARIES = YES;
				CODE_SIGN_STYLE = Automatic;
				CURRENT_PROJECT_VERSION = 1;
				DEVELOPMENT_TEAM = W52H926X8C;
				GENERATE_INFOPLIST_FILE = YES;
				MARKETING_VERSION = 1.0;
				PRODUCT_BUNDLE_IDENTIFIER = "Quang-Ha.UserLocationUITests";
				PRODUCT_NAME = "$(TARGET_NAME)";
				SWIFT_EMIT_LOC_STRINGS = NO;
				SWIFT_VERSION = 5.0;
				TARGETED_DEVICE_FAMILY = "1,2";
				TEST_TARGET_NAME = UserLocation;
			};
			name = Debug;
		};
		07E342D728EA7F7A006C4C68 /* Release */ = {
			isa = XCBuildConfiguration;
			buildSettings = {
				ALWAYS_EMBED_SWIFT_STANDARD_LIBRARIES = YES;
				CODE_SIGN_STYLE = Automatic;
				CURRENT_PROJECT_VERSION = 1;
				DEVELOPMENT_TEAM = W52H926X8C;
				GENERATE_INFOPLIST_FILE = YES;
				MARKETING_VERSION = 1.0;
				PRODUCT_BUNDLE_IDENTIFIER = "Quang-Ha.UserLocationUITests";
				PRODUCT_NAME = "$(TARGET_NAME)";
				SWIFT_EMIT_LOC_STRINGS = NO;
				SWIFT_VERSION = 5.0;
				TARGETED_DEVICE_FAMILY = "1,2";
				TEST_TARGET_NAME = UserLocation;
			};
			name = Release;
		};
/* End XCBuildConfiguration section */

/* Begin XCConfigurationList section */
		07E342A028EA7F78006C4C68 /* Build configuration list for PBXProject "UserLocation" */ = {
			isa = XCConfigurationList;
			buildConfigurations = (
				07E342CD28EA7F7A006C4C68 /* Debug */,
				07E342CE28EA7F7A006C4C68 /* Release */,
			);
			defaultConfigurationIsVisible = 0;
			defaultConfigurationName = Release;
		};
		07E342CF28EA7F7A006C4C68 /* Build configuration list for PBXNativeTarget "UserLocation" */ = {
			isa = XCConfigurationList;
			buildConfigurations = (
				07E342D028EA7F7A006C4C68 /* Debug */,
				07E342D128EA7F7A006C4C68 /* Release */,
			);
			defaultConfigurationIsVisible = 0;
			defaultConfigurationName = Release;
		};
		07E342D228EA7F7A006C4C68 /* Build configuration list for PBXNativeTarget "UserLocationTests" */ = {
			isa = XCConfigurationList;
			buildConfigurations = (
				07E342D328EA7F7A006C4C68 /* Debug */,
				07E342D428EA7F7A006C4C68 /* Release */,
			);
			defaultConfigurationIsVisible = 0;
			defaultConfigurationName = Release;
		};
		07E342D528EA7F7A006C4C68 /* Build configuration list for PBXNativeTarget "UserLocationUITests" */ = {
			isa = XCConfigurationList;
			buildConfigurations = (
				07E342D628EA7F7A006C4C68 /* Debug */,
				07E342D728EA7F7A006C4C68 /* Release */,
			);
			defaultConfigurationIsVisible = 0;
			defaultConfigurationName = Release;
		};
/* End XCConfigurationList section */
	};
	rootObject = 07E3429D28EA7F78006C4C68 /* Project object */;
}
